// !$*UTF8*$!
{
	archiveVersion = 1;
	classes = {
	};
	objectVersion = 56;
	objects = {

/* Begin PBXBuildFile section */
		1FACDD6A295A31B300146D0B /* SwiftUICellApp.swift in Sources */ = {isa = PBXBuildFile; fileRef = 1FACDD69295A31B300146D0B /* SwiftUICellApp.swift */; };
		1FACDD6C295A31B300146D0B /* ContentView.swift in Sources */ = {isa = PBXBuildFile; fileRef = 1FACDD6B295A31B300146D0B /* ContentView.swift */; };
		1FACDD6E295A31B400146D0B /* Assets.xcassets in Resources */ = {isa = PBXBuildFile; fileRef = 1FACDD6D295A31B400146D0B /* Assets.xcassets */; };
		1FACDD71295A31B400146D0B /* Preview Assets.xcassets in Resources */ = {isa = PBXBuildFile; fileRef = 1FACDD70295A31B400146D0B /* Preview Assets.xcassets */; };
		1FACDD79295B53F700146D0B /* RoundedBackgroundModifier.swift in Sources */ = {isa = PBXBuildFile; fileRef = 1FACDD78295B53F700146D0B /* RoundedBackgroundModifier.swift */; };
		1FACDD7B295B542C00146D0B /* BorderShadowModifier.swift in Sources */ = {isa = PBXBuildFile; fileRef = 1FACDD7A295B542C00146D0B /* BorderShadowModifier.swift */; };
		1FACDD7D295B54A700146D0B /* TableView.swift in Sources */ = {isa = PBXBuildFile; fileRef = 1FACDD7C295B54A700146D0B /* TableView.swift */; };
		1FACDD7F295B555100146D0B /* UserCell.swift in Sources */ = {isa = PBXBuildFile; fileRef = 1FACDD7E295B555100146D0B /* UserCell.swift */; };
		1FACDD81295B58B400146D0B /* GroupCell.swift in Sources */ = {isa = PBXBuildFile; fileRef = 1FACDD80295B58B400146D0B /* GroupCell.swift */; };
		1FACDD83295B5C5800146D0B /* Extension.swift in Sources */ = {isa = PBXBuildFile; fileRef = 1FACDD82295B5C5800146D0B /* Extension.swift */; };
/* End PBXBuildFile section */

/* Begin PBXFileReference section */
		1FACDD66295A31B300146D0B /* SwiftUICell.app */ = {isa = PBXFileReference; explicitFileType = wrapper.application; includeInIndex = 0; path = SwiftUICell.app; sourceTree = BUILT_PRODUCTS_DIR; };
		1FACDD69295A31B300146D0B /* SwiftUICellApp.swift */ = {isa = PBXFileReference; lastKnownFileType = sourcecode.swift; path = SwiftUICellApp.swift; sourceTree = "<group>"; };
		1FACDD6B295A31B300146D0B /* ContentView.swift */ = {isa = PBXFileReference; lastKnownFileType = sourcecode.swift; path = ContentView.swift; sourceTree = "<group>"; };
		1FACDD6D295A31B400146D0B /* Assets.xcassets */ = {isa = PBXFileReference; lastKnownFileType = folder.assetcatalog; path = Assets.xcassets; sourceTree = "<group>"; };
		1FACDD70295A31B400146D0B /* Preview Assets.xcassets */ = {isa = PBXFileReference; lastKnownFileType = folder.assetcatalog; path = "Preview Assets.xcassets"; sourceTree = "<group>"; };
		1FACDD78295B53F700146D0B /* RoundedBackgroundModifier.swift */ = {isa = PBXFileReference; lastKnownFileType = sourcecode.swift; path = RoundedBackgroundModifier.swift; sourceTree = "<group>"; };
		1FACDD7A295B542C00146D0B /* BorderShadowModifier.swift */ = {isa = PBXFileReference; lastKnownFileType = sourcecode.swift; path = BorderShadowModifier.swift; sourceTree = "<group>"; };
		1FACDD7C295B54A700146D0B /* TableView.swift */ = {isa = PBXFileReference; lastKnownFileType = sourcecode.swift; path = TableView.swift; sourceTree = "<group>"; };
		1FACDD7E295B555100146D0B /* UserCell.swift */ = {isa = PBXFileReference; lastKnownFileType = sourcecode.swift; path = UserCell.swift; sourceTree = "<group>"; };
		1FACDD80295B58B400146D0B /* GroupCell.swift */ = {isa = PBXFileReference; lastKnownFileType = sourcecode.swift; path = GroupCell.swift; sourceTree = "<group>"; };
		1FACDD82295B5C5800146D0B /* Extension.swift */ = {isa = PBXFileReference; lastKnownFileType = sourcecode.swift; path = Extension.swift; sourceTree = "<group>"; };
/* End PBXFileReference section */

/* Begin PBXFrameworksBuildPhase section */
		1FACDD63295A31B300146D0B /* Frameworks */ = {
			isa = PBXFrameworksBuildPhase;
			buildActionMask = 2147483647;
			files = (
			);
			runOnlyForDeploymentPostprocessing = 0;
		};
/* End PBXFrameworksBuildPhase section */

/* Begin PBXGroup section */
		1FACDD5D295A31B300146D0B = {
			isa = PBXGroup;
			children = (
				1FACDD68295A31B300146D0B /* SwiftUICell */,
				1FACDD67295A31B300146D0B /* Products */,
			);
			sourceTree = "<group>";
		};
		1FACDD67295A31B300146D0B /* Products */ = {
			isa = PBXGroup;
			children = (
				1FACDD66295A31B300146D0B /* SwiftUICell.app */,
			);
			name = Products;
			sourceTree = "<group>";
		};
		1FACDD68295A31B300146D0B /* SwiftUICell */ = {
			isa = PBXGroup;
			children = (
				1FACDD7C295B54A700146D0B /* TableView.swift */,
				1FACDD7E295B555100146D0B /* UserCell.swift */,
				1FACDD80295B58B400146D0B /* GroupCell.swift */,
				1FACDD82295B5C5800146D0B /* Extension.swift */,
				1FACDD77295B53C100146D0B /* Modifier */,
				1FACDD69295A31B300146D0B /* SwiftUICellApp.swift */,
				1FACDD6B295A31B300146D0B /* ContentView.swift */,
				1FACDD6D295A31B400146D0B /* Assets.xcassets */,
				1FACDD6F295A31B400146D0B /* Preview Content */,
			);
			path = SwiftUICell;
			sourceTree = "<group>";
		};
		1FACDD6F295A31B400146D0B /* Preview Content */ = {
			isa = PBXGroup;
			children = (
				1FACDD70295A31B400146D0B /* Preview Assets.xcassets */,
			);
			path = "Preview Content";
			sourceTree = "<group>";
		};
		1FACDD77295B53C100146D0B /* Modifier */ = {
			isa = PBXGroup;
			children = (
				1FACDD78295B53F700146D0B /* RoundedBackgroundModifier.swift */,
				1FACDD7A295B542C00146D0B /* BorderShadowModifier.swift */,
			);
			path = Modifier;
			sourceTree = "<group>";
		};
/* End PBXGroup section */

/* Begin PBXNativeTarget section */
		1FACDD65295A31B300146D0B /* SwiftUICell */ = {
			isa = PBXNativeTarget;
			buildConfigurationList = 1FACDD74295A31B400146D0B /* Build configuration list for PBXNativeTarget "SwiftUICell" */;
			buildPhases = (
				1FACDD62295A31B300146D0B /* Sources */,
				1FACDD63295A31B300146D0B /* Frameworks */,
				1FACDD64295A31B300146D0B /* Resources */,
			);
			buildRules = (
			);
			dependencies = (
			);
			name = SwiftUICell;
			productName = SwiftUICell;
			productReference = 1FACDD66295A31B300146D0B /* SwiftUICell.app */;
			productType = "com.apple.product-type.application";
		};
/* End PBXNativeTarget section */

/* Begin PBXProject section */
		1FACDD5E295A31B300146D0B /* Project object */ = {
			isa = PBXProject;
			attributes = {
				BuildIndependentTargetsInParallel = 1;
				LastSwiftUpdateCheck = 1410;
				LastUpgradeCheck = 1410;
				TargetAttributes = {
					1FACDD65295A31B300146D0B = {
						CreatedOnToolsVersion = 14.1;
					};
				};
			};
			buildConfigurationList = 1FACDD61295A31B300146D0B /* Build configuration list for PBXProject "SwiftUICell" */;
			compatibilityVersion = "Xcode 14.0";
			developmentRegion = en;
			hasScannedForEncodings = 0;
			knownRegions = (
				en,
				Base,
			);
			mainGroup = 1FACDD5D295A31B300146D0B;
			productRefGroup = 1FACDD67295A31B300146D0B /* Products */;
			projectDirPath = "";
			projectRoot = "";
			targets = (
				1FACDD65295A31B300146D0B /* SwiftUICell */,
			);
		};
/* End PBXProject section */

/* Begin PBXResourcesBuildPhase section */
		1FACDD64295A31B300146D0B /* Resources */ = {
			isa = PBXResourcesBuildPhase;
			buildActionMask = 2147483647;
			files = (
				1FACDD71295A31B400146D0B /* Preview Assets.xcassets in Resources */,
				1FACDD6E295A31B400146D0B /* Assets.xcassets in Resources */,
			);
			runOnlyForDeploymentPostprocessing = 0;
		};
/* End PBXResourcesBuildPhase section */

/* Begin PBXSourcesBuildPhase section */
		1FACDD62295A31B300146D0B /* Sources */ = {
			isa = PBXSourcesBuildPhase;
			buildActionMask = 2147483647;
			files = (
				1FACDD81295B58B400146D0B /* GroupCell.swift in Sources */,
				1FACDD7B295B542C00146D0B /* BorderShadowModifier.swift in Sources */,
				1FACDD7D295B54A700146D0B /* TableView.swift in Sources */,
				1FACDD7F295B555100146D0B /* UserCell.swift in Sources */,
				1FACDD79295B53F700146D0B /* RoundedBackgroundModifier.swift in Sources */,
				1FACDD6C295A31B300146D0B /* ContentView.swift in Sources */,
				1FACDD6A295A31B300146D0B /* SwiftUICellApp.swift in Sources */,
				1FACDD83295B5C5800146D0B /* Extension.swift in Sources */,
			);
			runOnlyForDeploymentPostprocessing = 0;
		};
/* End PBXSourcesBuildPhase section */

/* Begin XCBuildConfiguration section */
		1FACDD72295A31B400146D0B /* Debug */ = {
			isa = XCBuildConfiguration;
			buildSettings = {
				ALWAYS_SEARCH_USER_PATHS = NO;
				CLANG_ANALYZER_NONNULL = YES;
				CLANG_ANALYZER_NUMBER_OBJECT_CONVERSION = YES_AGGRESSIVE;
				CLANG_CXX_LANGUAGE_STANDARD = "gnu++20";
				CLANG_ENABLE_MODULES = YES;
				CLANG_ENABLE_OBJC_ARC = YES;
				CLANG_ENABLE_OBJC_WEAK = YES;
				CLANG_WARN_BLOCK_CAPTURE_AUTORELEASING = YES;
				CLANG_WARN_BOOL_CONVERSION = YES;
				CLANG_WARN_COMMA = YES;
				CLANG_WARN_CONSTANT_CONVERSION = YES;
				CLANG_WARN_DEPRECATED_OBJC_IMPLEMENTATIONS = YES;
				CLANG_WARN_DIRECT_OBJC_ISA_USAGE = YES_ERROR;
				CLANG_WARN_DOCUMENTATION_COMMENTS = YES;
				CLANG_WARN_EMPTY_BODY = YES;
				CLANG_WARN_ENUM_CONVERSION = YES;
				CLANG_WARN_INFINITE_RECURSION = YES;
				CLANG_WARN_INT_CONVERSION = YES;
				CLANG_WARN_NON_LITERAL_NULL_CONVERSION = YES;
				CLANG_WARN_OBJC_IMPLICIT_RETAIN_SELF = YES;
				CLANG_WARN_OBJC_LITERAL_CONVERSION = YES;
				CLANG_WARN_OBJC_ROOT_CLASS = YES_ERROR;
				CLANG_WARN_QUOTED_INCLUDE_IN_FRAMEWORK_HEADER = YES;
				CLANG_WARN_RANGE_LOOP_ANALYSIS = YES;
				CLANG_WARN_STRICT_PROTOTYPES = YES;
				CLANG_WARN_SUSPICIOUS_MOVE = YES;
				CLANG_WARN_UNGUARDED_AVAILABILITY = YES_AGGRESSIVE;
				CLANG_WARN_UNREACHABLE_CODE = YES;
				CLANG_WARN__DUPLICATE_METHOD_MATCH = YES;
				COPY_PHASE_STRIP = NO;
				DEBUG_INFORMATION_FORMAT = dwarf;
				ENABLE_STRICT_OBJC_MSGSEND = YES;
				ENABLE_TESTABILITY = YES;
				GCC_C_LANGUAGE_STANDARD = gnu11;
				GCC_DYNAMIC_NO_PIC = NO;
				GCC_NO_COMMON_BLOCKS = YES;
				GCC_OPTIMIZATION_LEVEL = 0;
				GCC_PREPROCESSOR_DEFINITIONS = (
					"DEBUG=1",
					"$(inherited)",
				);
				GCC_WARN_64_TO_32_BIT_CONVERSION = YES;
				GCC_WARN_ABOUT_RETURN_TYPE = YES_ERROR;
				GCC_WARN_UNDECLARED_SELECTOR = YES;
				GCC_WARN_UNINITIALIZED_AUTOS = YES_AGGRESSIVE;
				GCC_WARN_UNUSED_FUNCTION = YES;
				GCC_WARN_UNUSED_VARIABLE = YES;
				IPHONEOS_DEPLOYMENT_TARGET = 16.1;
				MTL_ENABLE_DEBUG_INFO = INCLUDE_SOURCE;
				MTL_FAST_MATH = YES;
				ONLY_ACTIVE_ARCH = YES;
				SDKROOT = iphoneos;
				SWIFT_ACTIVE_COMPILATION_CONDITIONS = DEBUG;
				SWIFT_OPTIMIZATION_LEVEL = "-Onone";
			};
			name = Debug;
		};
		1FACDD73295A31B400146D0B /* Release */ = {
			isa = XCBuildConfiguration;
			buildSettings = {
				ALWAYS_SEARCH_USER_PATHS = NO;
				CLANG_ANALYZER_NONNULL = YES;
				CLANG_ANALYZER_NUMBER_OBJECT_CONVERSION = YES_AGGRESSIVE;
				CLANG_CXX_LANGUAGE_STANDARD = "gnu++20";
				CLANG_ENABLE_MODULES = YES;
				CLANG_ENABLE_OBJC_ARC = YES;
				CLANG_ENABLE_OBJC_WEAK = YES;
				CLANG_WARN_BLOCK_CAPTURE_AUTORELEASING = YES;
				CLANG_WARN_BOOL_CONVERSION = YES;
				CLANG_WARN_COMMA = YES;
				CLANG_WARN_CONSTANT_CONVERSION = YES;
				CLANG_WARN_DEPRECATED_OBJC_IMPLEMENTATIONS = YES;
				CLANG_WARN_DIRECT_OBJC_ISA_USAGE = YES_ERROR;
				CLANG_WARN_DOCUMENTATION_COMMENTS = YES;
				CLANG_WARN_EMPTY_BODY = YES;
				CLANG_WARN_ENUM_CONVERSION = YES;
				CLANG_WARN_INFINITE_RECURSION = YES;
				CLANG_WARN_INT_CONVERSION = YES;
				CLANG_WARN_NON_LITERAL_NULL_CONVERSION = YES;
				CLANG_WARN_OBJC_IMPLICIT_RETAIN_SELF = YES;
				CLANG_WARN_OBJC_LITERAL_CONVERSION = YES;
				CLANG_WARN_OBJC_ROOT_CLASS = YES_ERROR;
				CLANG_WARN_QUOTED_INCLUDE_IN_FRAMEWORK_HEADER = YES;
				CLANG_WARN_RANGE_LOOP_ANALYSIS = YES;
				CLANG_WARN_STRICT_PROTOTYPES = YES;
				CLANG_WARN_SUSPICIOUS_MOVE = YES;
				CLANG_WARN_UNGUARDED_AVAILABILITY = YES_AGGRESSIVE;
				CLANG_WARN_UNREACHABLE_CODE = YES;
				CLANG_WARN__DUPLICATE_METHOD_MATCH = YES;
				COPY_PHASE_STRIP = NO;
				DEBUG_INFORMATION_FORMAT = "dwarf-with-dsym";
				ENABLE_NS_ASSERTIONS = NO;
				ENABLE_STRICT_OBJC_MSGSEND = YES;
				GCC_C_LANGUAGE_STANDARD = gnu11;
				GCC_NO_COMMON_BLOCKS = YES;
				GCC_WARN_64_TO_32_BIT_CONVERSION = YES;
				GCC_WARN_ABOUT_RETURN_TYPE = YES_ERROR;
				GCC_WARN_UNDECLARED_SELECTOR = YES;
				GCC_WARN_UNINITIALIZED_AUTOS = YES_AGGRESSIVE;
				GCC_WARN_UNUSED_FUNCTION = YES;
				GCC_WARN_UNUSED_VARIABLE = YES;
				IPHONEOS_DEPLOYMENT_TARGET = 16.1;
				MTL_ENABLE_DEBUG_INFO = NO;
				MTL_FAST_MATH = YES;
				SDKROOT = iphoneos;
				SWIFT_COMPILATION_MODE = wholemodule;
				SWIFT_OPTIMIZATION_LEVEL = "-O";
				VALIDATE_PRODUCT = YES;
			};
			name = Release;
		};
		1FACDD75295A31B400146D0B /* Debug */ = {
			isa = XCBuildConfiguration;
			buildSettings = {
				ASSETCATALOG_COMPILER_APPICON_NAME = AppIcon;
				ASSETCATALOG_COMPILER_GLOBAL_ACCENT_COLOR_NAME = AccentColor;
				CODE_SIGN_STYLE = Automatic;
				CURRENT_PROJECT_VERSION = 1;
				DEVELOPMENT_ASSET_PATHS = "\"SwiftUICell/Preview Content\"";
				DEVELOPMENT_TEAM = YHNQB5S7XU;
				ENABLE_PREVIEWS = YES;
				GENERATE_INFOPLIST_FILE = YES;
				INFOPLIST_KEY_UIApplicationSceneManifest_Generation = YES;
				INFOPLIST_KEY_UIApplicationSupportsIndirectInputEvents = YES;
				INFOPLIST_KEY_UILaunchScreen_Generation = YES;
				INFOPLIST_KEY_UISupportedInterfaceOrientations_iPad = "UIInterfaceOrientationPortrait UIInterfaceOrientationPortraitUpsideDown UIInterfaceOrientationLandscapeLeft UIInterfaceOrientationLandscapeRight";
				INFOPLIST_KEY_UISupportedInterfaceOrientations_iPhone = "UIInterfaceOrientationPortrait UIInterfaceOrientationLandscapeLeft UIInterfaceOrientationLandscapeRight";
				LD_RUNPATH_SEARCH_PATHS = (
					"$(inherited)",
					"@executable_path/Frameworks",
				);
				MARKETING_VERSION = 1.0;
				PRODUCT_BUNDLE_IDENTIFIER = Me.SwiftUICell;
				PRODUCT_NAME = "$(TARGET_NAME)";
				SWIFT_EMIT_LOC_STRINGS = YES;
				SWIFT_VERSION = 5.0;
				TARGETED_DEVICE_FAMILY = "1,2";
			};
			name = Debug;
		};
		1FACDD76295A31B400146D0B /* Release */ = {
			isa = XCBuildConfiguration;
			buildSettings = {
				ASSETCATALOG_COMPILER_APPICON_NAME = AppIcon;
				ASSETCATALOG_COMPILER_GLOBAL_ACCENT_COLOR_NAME = AccentColor;
				CODE_SIGN_STYLE = Automatic;
				CURRENT_PROJECT_VERSION = 1;
				DEVELOPMENT_ASSET_PATHS = "\"SwiftUICell/Preview Content\"";
				DEVELOPMENT_TEAM = YHNQB5S7XU;
				ENABLE_PREVIEWS = YES;
				GENERATE_INFOPLIST_FILE = YES;
				INFOPLIST_KEY_UIApplicationSceneManifest_Generation = YES;
				INFOPLIST_KEY_UIApplicationSupportsIndirectInputEvents = YES;
				INFOPLIST_KEY_UILaunchScreen_Generation = YES;
				INFOPLIST_KEY_UISupportedInterfaceOrientations_iPad = "UIInterfaceOrientationPortrait UIInterfaceOrientationPortraitUpsideDown UIInterfaceOrientationLandscapeLeft UIInterfaceOrientationLandscapeRight";
				INFOPLIST_KEY_UISupportedInterfaceOrientations_iPhone = "UIInterfaceOrientationPortrait UIInterfaceOrientationLandscapeLeft UIInterfaceOrientationLandscapeRight";
				LD_RUNPATH_SEARCH_PATHS = (
					"$(inherited)",
					"@executable_path/Frameworks",
				);
				MARKETING_VERSION = 1.0;
				PRODUCT_BUNDLE_IDENTIFIER = Me.SwiftUICell;
				PRODUCT_NAME = "$(TARGET_NAME)";
				SWIFT_EMIT_LOC_STRINGS = YES;
				SWIFT_VERSION = 5.0;
				TARGETED_DEVICE_FAMILY = "1,2";
			};
			name = Release;
		};
/* End XCBuildConfiguration section */

/* Begin XCConfigurationList section */
		1FACDD61295A31B300146D0B /* Build configuration list for PBXProject "SwiftUICell" */ = {
			isa = XCConfigurationList;
			buildConfigurations = (
				1FACDD72295A31B400146D0B /* Debug */,
				1FACDD73295A31B400146D0B /* Release */,
			);
			defaultConfigurationIsVisible = 0;
			defaultConfigurationName = Release;
		};
		1FACDD74295A31B400146D0B /* Build configuration list for PBXNativeTarget "SwiftUICell" */ = {
			isa = XCConfigurationList;
			buildConfigurations = (
				1FACDD75295A31B400146D0B /* Debug */,
				1FACDD76295A31B400146D0B /* Release */,
			);
			defaultConfigurationIsVisible = 0;
			defaultConfigurationName = Release;
		};
/* End XCConfigurationList section */
	};
	rootObject = 1FACDD5E295A31B300146D0B /* Project object */;
}
